
Microsoft Visual Studio Solution File, Format Version 12.00
# Visual Studio 15
VisualStudioVersion = 15.0.28307.1433
MinimumVisualStudioVersion = 10.0.40219.1
Project("{FAE04EC0-301F-11D3-BF4B-00C04F79EFBC}") = "Connections", "Connections\Connections.csproj", "{4CB5B30C-5598-406C-B66B-87752F8FD749}"
EndProject
Global
	GlobalSection(SolutionConfigurationPlatforms) = preSolution
		Debug|Any CPU = Debug|Any CPU
		Release|Any CPU = Release|Any CPU
	EndGlobalSection
	GlobalSection(ProjectConfigurationPlatforms) = postSolution
		{4CB5B30C-5598-406C-B66B-87752F8FD749}.Debug|Any CPU.ActiveCfg = Debug|Any CPU
		{4CB5B30C-5598-406C-B66B-87752F8FD749}.Debug|Any CPU.Build.0 = Debug|Any CPU
		{4CB5B30C-5598-406C-B66B-87752F8FD749}.Release|Any CPU.ActiveCfg = Release|Any CPU
		{4CB5B30C-5598-406C-B66B-87752F8FD749}.Release|Any CPU.Build.0 = Release|Any CPU
	EndGlobalSection
	GlobalSection(SolutionProperties) = preSolution
		HideSolutionNode = FALSE
	EndGlobalSection
	GlobalSection(ExtensibilityGlobals) = postSolution
		SolutionGuid = {542E10B3-E563-4136-92FD-E0450350CDDF}
	EndGlobalSection
EndGlobal
